
Microsoft Visual Studio Solution File, Format Version 12.00
# Visual Studio 15
VisualStudioVersion = 15.0.28010.2003
MinimumVisualStudioVersion = 10.0.40219.1
Project("{2150E333-8FDC-42A3-9474-1A3956D46DE8}") = "src", "src", "{E81BDC89-2916-4D83-A300-7BE9DA1714DE}"
EndProject
Project("{2150E333-8FDC-42A3-9474-1A3956D46DE8}") = "sample", "sample", "{B93392FC-2B0B-4E01-A1BE-1BF1AA7DD483}"
EndProject
Project("{9A19103F-16F7-4668-BE54-9A1E7A4F7556}") = "Rene.Xam.Extensions", "src\Rene.Xam.Extensions\Rene.Xam.Extensions.csproj", "{4ADD6FC8-F60A-4FBF-8AEB-F6B24AFF91F1}"
EndProject
Project("{FAE04EC0-301F-11D3-BF4B-00C04F79EFBC}") = "Xam.Template.Samples.Android", "samples\Xam.Template.Samples\Xam.Template.Samples.Android\Xam.Template.Samples.Android.csproj", "{E94B5030-5BC9-4F4F-885A-46D47451CA94}"
EndProject
Project("{FAE04EC0-301F-11D3-BF4B-00C04F79EFBC}") = "Xam.Template.Samples.iOS", "samples\Xam.Template.Samples\Xam.Template.Samples.iOS\Xam.Template.Samples.iOS.csproj", "{4A4C8E3E-71AF-4B8E-8045-9E350E949BCD}"
EndProject
Project("{FAE04EC0-301F-11D3-BF4B-00C04F79EFBC}") = "Xam.Template.Samples.UWP", "samples\Xam.Template.Samples\Xam.Template.Samples.UWP\Xam.Template.Samples.UWP.csproj", "{42EDF219-69BC-4A4A-9029-57CB477BC8D7}"
EndProject
Project("{FAE04EC0-301F-11D3-BF4B-00C04F79EFBC}") = "Xam.Template.Samples", "samples\Xam.Template.Samples\Xam.Template.Samples\Xam.Template.Samples.csproj", "{B9A6BF69-FCDC-4C5E-80B0-281F85E7BD81}"
EndProject
Project("{2150E333-8FDC-42A3-9474-1A3956D46DE8}") = "basic", "basic", "{5566763E-43EF-47E3-8405-D4FD36293E73}"
EndProject
Global
	GlobalSection(SolutionConfigurationPlatforms) = preSolution
		Debug|Any CPU = Debug|Any CPU
		Debug|ARM = Debug|ARM
		Debug|iPhone = Debug|iPhone
		Debug|iPhoneSimulator = Debug|iPhoneSimulator
		Debug|x64 = Debug|x64
		Debug|x86 = Debug|x86
		Release|Any CPU = Release|Any CPU
		Release|ARM = Release|ARM
		Release|iPhone = Release|iPhone
		Release|iPhoneSimulator = Release|iPhoneSimulator
		Release|x64 = Release|x64
		Release|x86 = Release|x86
	EndGlobalSection
	GlobalSection(ProjectConfigurationPlatforms) = postSolution
		{4ADD6FC8-F60A-4FBF-8AEB-F6B24AFF91F1}.Debug|Any CPU.ActiveCfg = Debug|Any CPU
		{4ADD6FC8-F60A-4FBF-8AEB-F6B24AFF91F1}.Debug|Any CPU.Build.0 = Debug|Any CPU
		{4ADD6FC8-F60A-4FBF-8AEB-F6B24AFF91F1}.Debug|ARM.ActiveCfg = Debug|Any CPU
		{4ADD6FC8-F60A-4FBF-8AEB-F6B24AFF91F1}.Debug|ARM.Build.0 = Debug|Any CPU
		{4ADD6FC8-F60A-4FBF-8AEB-F6B24AFF91F1}.Debug|iPhone.ActiveCfg = Debug|Any CPU
		{4ADD6FC8-F60A-4FBF-8AEB-F6B24AFF91F1}.Debug|iPhone.Build.0 = Debug|Any CPU
		{4ADD6FC8-F60A-4FBF-8AEB-F6B24AFF91F1}.Debug|iPhoneSimulator.ActiveCfg = Debug|Any CPU
		{4ADD6FC8-F60A-4FBF-8AEB-F6B24AFF91F1}.Debug|iPhoneSimulator.Build.0 = Debug|Any CPU
		{4ADD6FC8-F60A-4FBF-8AEB-F6B24AFF91F1}.Debug|x64.ActiveCfg = Debug|Any CPU
		{4ADD6FC8-F60A-4FBF-8AEB-F6B24AFF91F1}.Debug|x64.Build.0 = Debug|Any CPU
		{4ADD6FC8-F60A-4FBF-8AEB-F6B24AFF91F1}.Debug|x86.ActiveCfg = Debug|Any CPU
		{4ADD6FC8-F60A-4FBF-8AEB-F6B24AFF91F1}.Debug|x86.Build.0 = Debug|Any CPU
		{4ADD6FC8-F60A-4FBF-8AEB-F6B24AFF91F1}.Release|Any CPU.ActiveCfg = Release|Any CPU
		{4ADD6FC8-F60A-4FBF-8AEB-F6B24AFF91F1}.Release|Any CPU.Build.0 = Release|Any CPU
		{4ADD6FC8-F60A-4FBF-8AEB-F6B24AFF91F1}.Release|ARM.ActiveCfg = Release|Any CPU
		{4ADD6FC8-F60A-4FBF-8AEB-F6B24AFF91F1}.Release|ARM.Build.0 = Release|Any CPU
		{4ADD6FC8-F60A-4FBF-8AEB-F6B24AFF91F1}.Release|iPhone.ActiveCfg = Release|Any CPU
		{4ADD6FC8-F60A-4FBF-8AEB-F6B24AFF91F1}.Release|iPhone.Build.0 = Release|Any CPU
		{4ADD6FC8-F60A-4FBF-8AEB-F6B24AFF91F1}.Release|iPhoneSimulator.ActiveCfg = Release|Any CPU
		{4ADD6FC8-F60A-4FBF-8AEB-F6B24AFF91F1}.Release|iPhoneSimulator.Build.0 = Release|Any CPU
		{4ADD6FC8-F60A-4FBF-8AEB-F6B24AFF91F1}.Release|x64.ActiveCfg = Release|Any CPU
		{4ADD6FC8-F60A-4FBF-8AEB-F6B24AFF91F1}.Release|x64.Build.0 = Release|Any CPU
		{4ADD6FC8-F60A-4FBF-8AEB-F6B24AFF91F1}.Release|x86.ActiveCfg = Release|Any CPU
		{4ADD6FC8-F60A-4FBF-8AEB-F6B24AFF91F1}.Release|x86.Build.0 = Release|Any CPU
		{E94B5030-5BC9-4F4F-885A-46D47451CA94}.Debug|Any CPU.ActiveCfg = Debug|Any CPU
		{E94B5030-5BC9-4F4F-885A-46D47451CA94}.Debug|Any CPU.Build.0 = Debug|Any CPU
		{E94B5030-5BC9-4F4F-885A-46D47451CA94}.Debug|Any CPU.Deploy.0 = Debug|Any CPU
		{E94B5030-5BC9-4F4F-885A-46D47451CA94}.Debug|ARM.ActiveCfg = Debug|Any CPU
		{E94B5030-5BC9-4F4F-885A-46D47451CA94}.Debug|ARM.Build.0 = Debug|Any CPU
		{E94B5030-5BC9-4F4F-885A-46D47451CA94}.Debug|ARM.Deploy.0 = Debug|Any CPU
		{E94B5030-5BC9-4F4F-885A-46D47451CA94}.Debug|iPhone.ActiveCfg = Debug|Any CPU
		{E94B5030-5BC9-4F4F-885A-46D47451CA94}.Debug|iPhone.Build.0 = Debug|Any CPU
		{E94B5030-5BC9-4F4F-885A-46D47451CA94}.Debug|iPhone.Deploy.0 = Debug|Any CPU
		{E94B5030-5BC9-4F4F-885A-46D47451CA94}.Debug|iPhoneSimulator.ActiveCfg = Debug|Any CPU
		{E94B5030-5BC9-4F4F-885A-46D47451CA94}.Debug|iPhoneSimulator.Build.0 = Debug|Any CPU
		{E94B5030-5BC9-4F4F-885A-46D47451CA94}.Debug|iPhoneSimulator.Deploy.0 = Debug|Any CPU
		{E94B5030-5BC9-4F4F-885A-46D47451CA94}.Debug|x64.ActiveCfg = Debug|Any CPU
		{E94B5030-5BC9-4F4F-885A-46D47451CA94}.Debug|x64.Build.0 = Debug|Any CPU
		{E94B5030-5BC9-4F4F-885A-46D47451CA94}.Debug|x64.Deploy.0 = Debug|Any CPU
		{E94B5030-5BC9-4F4F-885A-46D47451CA94}.Debug|x86.ActiveCfg = Debug|Any CPU
		{E94B5030-5BC9-4F4F-885A-46D47451CA94}.Debug|x86.Build.0 = Debug|Any CPU
		{E94B5030-5BC9-4F4F-885A-46D47451CA94}.Debug|x86.Deploy.0 = Debug|Any CPU
		{E94B5030-5BC9-4F4F-885A-46D47451CA94}.Release|Any CPU.ActiveCfg = Release|Any CPU
		{E94B5030-5BC9-4F4F-885A-46D47451CA94}.Release|Any CPU.Build.0 = Release|Any CPU
		{E94B5030-5BC9-4F4F-885A-46D47451CA94}.Release|Any CPU.Deploy.0 = Release|Any CPU
		{E94B5030-5BC9-4F4F-885A-46D47451CA94}.Release|ARM.ActiveCfg = Release|Any CPU
		{E94B5030-5BC9-4F4F-885A-46D47451CA94}.Release|ARM.Build.0 = Release|Any CPU
		{E94B5030-5BC9-4F4F-885A-46D47451CA94}.Release|ARM.Deploy.0 = Release|Any CPU
		{E94B5030-5BC9-4F4F-885A-46D47451CA94}.Release|iPhone.ActiveCfg = Release|Any CPU
		{E94B5030-5BC9-4F4F-885A-46D47451CA94}.Release|iPhone.Build.0 = Release|Any CPU
		{E94B5030-5BC9-4F4F-885A-46D47451CA94}.Release|iPhone.Deploy.0 = Release|Any CPU
		{E94B5030-5BC9-4F4F-885A-46D47451CA94}.Release|iPhoneSimulator.ActiveCfg = Release|Any CPU
		{E94B5030-5BC9-4F4F-885A-46D47451CA94}.Release|iPhoneSimulator.Build.0 = Release|Any CPU
		{E94B5030-5BC9-4F4F-885A-46D47451CA94}.Release|iPhoneSimulator.Deploy.0 = Release|Any CPU
		{E94B5030-5BC9-4F4F-885A-46D47451CA94}.Release|x64.ActiveCfg = Release|Any CPU
		{E94B5030-5BC9-4F4F-885A-46D47451CA94}.Release|x64.Build.0 = Release|Any CPU
		{E94B5030-5BC9-4F4F-885A-46D47451CA94}.Release|x64.Deploy.0 = Release|Any CPU
		{E94B5030-5BC9-4F4F-885A-46D47451CA94}.Release|x86.ActiveCfg = Release|Any CPU
		{E94B5030-5BC9-4F4F-885A-46D47451CA94}.Release|x86.Build.0 = Release|Any CPU
		{E94B5030-5BC9-4F4F-885A-46D47451CA94}.Release|x86.Deploy.0 = Release|Any CPU
		{4A4C8E3E-71AF-4B8E-8045-9E350E949BCD}.Debug|Any CPU.ActiveCfg = Debug|iPhone
		{4A4C8E3E-71AF-4B8E-8045-9E350E949BCD}.Debug|ARM.ActiveCfg = Debug|iPhone
		{4A4C8E3E-71AF-4B8E-8045-9E350E949BCD}.Debug|iPhone.ActiveCfg = Debug|iPhone
		{4A4C8E3E-71AF-4B8E-8045-9E350E949BCD}.Debug|iPhone.Build.0 = Debug|iPhone
		{4A4C8E3E-71AF-4B8E-8045-9E350E949BCD}.Debug|iPhoneSimulator.ActiveCfg = Debug|iPhoneSimulator
		{4A4C8E3E-71AF-4B8E-8045-9E350E949BCD}.Debug|iPhoneSimulator.Build.0 = Debug|iPhoneSimulator
		{4A4C8E3E-71AF-4B8E-8045-9E350E949BCD}.Debug|x64.ActiveCfg = Debug|iPhone
		{4A4C8E3E-71AF-4B8E-8045-9E350E949BCD}.Debug|x86.ActiveCfg = Debug|iPhone
		{4A4C8E3E-71AF-4B8E-8045-9E350E949BCD}.Release|Any CPU.ActiveCfg = Release|iPhone
		{4A4C8E3E-71AF-4B8E-8045-9E350E949BCD}.Release|ARM.ActiveCfg = Release|iPhone
		{4A4C8E3E-71AF-4B8E-8045-9E350E949BCD}.Release|iPhone.ActiveCfg = Release|iPhone
		{4A4C8E3E-71AF-4B8E-8045-9E350E949BCD}.Release|iPhone.Build.0 = Release|iPhone
		{4A4C8E3E-71AF-4B8E-8045-9E350E949BCD}.Release|iPhoneSimulator.ActiveCfg = Release|iPhoneSimulator
		{4A4C8E3E-71AF-4B8E-8045-9E350E949BCD}.Release|iPhoneSimulator.Build.0 = Release|iPhoneSimulator
		{4A4C8E3E-71AF-4B8E-8045-9E350E949BCD}.Release|x64.ActiveCfg = Release|iPhone
		{4A4C8E3E-71AF-4B8E-8045-9E350E949BCD}.Release|x86.ActiveCfg = Release|iPhone
		{42EDF219-69BC-4A4A-9029-57CB477BC8D7}.Debug|Any CPU.ActiveCfg = Debug|x86
		{42EDF219-69BC-4A4A-9029-57CB477BC8D7}.Debug|ARM.ActiveCfg = Debug|ARM
		{42EDF219-69BC-4A4A-9029-57CB477BC8D7}.Debug|ARM.Build.0 = Debug|ARM
		{42EDF219-69BC-4A4A-9029-57CB477BC8D7}.Debug|ARM.Deploy.0 = Debug|ARM
		{42EDF219-69BC-4A4A-9029-57CB477BC8D7}.Debug|iPhone.ActiveCfg = Debug|x86
		{42EDF219-69BC-4A4A-9029-57CB477BC8D7}.Debug|iPhoneSimulator.ActiveCfg = Debug|x86
		{42EDF219-69BC-4A4A-9029-57CB477BC8D7}.Debug|x64.ActiveCfg = Debug|x64
		{42EDF219-69BC-4A4A-9029-57CB477BC8D7}.Debug|x64.Build.0 = Debug|x64
		{42EDF219-69BC-4A4A-9029-57CB477BC8D7}.Debug|x64.Deploy.0 = Debug|x64
		{42EDF219-69BC-4A4A-9029-57CB477BC8D7}.Debug|x86.ActiveCfg = Debug|x86
		{42EDF219-69BC-4A4A-9029-57CB477BC8D7}.Debug|x86.Build.0 = Debug|x86
		{42EDF219-69BC-4A4A-9029-57CB477BC8D7}.Debug|x86.Deploy.0 = Debug|x86
		{42EDF219-69BC-4A4A-9029-57CB477BC8D7}.Release|Any CPU.ActiveCfg = Release|x86
		{42EDF219-69BC-4A4A-9029-57CB477BC8D7}.Release|ARM.ActiveCfg = Release|ARM
		{42EDF219-69BC-4A4A-9029-57CB477BC8D7}.Release|ARM.Build.0 = Release|ARM
		{42EDF219-69BC-4A4A-9029-57CB477BC8D7}.Release|ARM.Deploy.0 = Release|ARM
		{42EDF219-69BC-4A4A-9029-57CB477BC8D7}.Release|iPhone.ActiveCfg = Release|x86
		{42EDF219-69BC-4A4A-9029-57CB477BC8D7}.Release|iPhoneSimulator.ActiveCfg = Release|x86
		{42EDF219-69BC-4A4A-9029-57CB477BC8D7}.Release|x64.ActiveCfg = Release|x64
		{42EDF219-69BC-4A4A-9029-57CB477BC8D7}.Release|x64.Build.0 = Release|x64
		{42EDF219-69BC-4A4A-9029-57CB477BC8D7}.Release|x64.Deploy.0 = Release|x64
		{42EDF219-69BC-4A4A-9029-57CB477BC8D7}.Release|x86.ActiveCfg = Release|x86
		{42EDF219-69BC-4A4A-9029-57CB477BC8D7}.Release|x86.Build.0 = Release|x86
		{42EDF219-69BC-4A4A-9029-57CB477BC8D7}.Release|x86.Deploy.0 = Release|x86
		{B9A6BF69-FCDC-4C5E-80B0-281F85E7BD81}.Debug|Any CPU.ActiveCfg = Debug|Any CPU
		{B9A6BF69-FCDC-4C5E-80B0-281F85E7BD81}.Debug|Any CPU.Build.0 = Debug|Any CPU
		{B9A6BF69-FCDC-4C5E-80B0-281F85E7BD81}.Debug|ARM.ActiveCfg = Debug|Any CPU
		{B9A6BF69-FCDC-4C5E-80B0-281F85E7BD81}.Debug|ARM.Build.0 = Debug|Any CPU
		{B9A6BF69-FCDC-4C5E-80B0-281F85E7BD81}.Debug|iPhone.ActiveCfg = Debug|Any CPU
		{B9A6BF69-FCDC-4C5E-80B0-281F85E7BD81}.Debug|iPhone.Build.0 = Debug|Any CPU
		{B9A6BF69-FCDC-4C5E-80B0-281F85E7BD81}.Debug|iPhoneSimulator.ActiveCfg = Debug|Any CPU
		{B9A6BF69-FCDC-4C5E-80B0-281F85E7BD81}.Debug|iPhoneSimulator.Build.0 = Debug|Any CPU
		{B9A6BF69-FCDC-4C5E-80B0-281F85E7BD81}.Debug|x64.ActiveCfg = Debug|Any CPU
		{B9A6BF69-FCDC-4C5E-80B0-281F85E7BD81}.Debug|x64.Build.0 = Debug|Any CPU
		{B9A6BF69-FCDC-4C5E-80B0-281F85E7BD81}.Debug|x86.ActiveCfg = Debug|Any CPU
		{B9A6BF69-FCDC-4C5E-80B0-281F85E7BD81}.Debug|x86.Build.0 = Debug|Any CPU
		{B9A6BF69-FCDC-4C5E-80B0-281F85E7BD81}.Release|Any CPU.ActiveCfg = Release|Any CPU
		{B9A6BF69-FCDC-4C5E-80B0-281F85E7BD81}.Release|Any CPU.Build.0 = Release|Any CPU
		{B9A6BF69-FCDC-4C5E-80B0-281F85E7BD81}.Release|ARM.ActiveCfg = Release|Any CPU
		{B9A6BF69-FCDC-4C5E-80B0-281F85E7BD81}.Release|ARM.Build.0 = Release|Any CPU
		{B9A6BF69-FCDC-4C5E-80B0-281F85E7BD81}.Release|iPhone.ActiveCfg = Release|Any CPU
		{B9A6BF69-FCDC-4C5E-80B0-281F85E7BD81}.Release|iPhone.Build.0 = Release|Any CPU
		{B9A6BF69-FCDC-4C5E-80B0-281F85E7BD81}.Release|iPhoneSimulator.ActiveCfg = Release|Any CPU
		{B9A6BF69-FCDC-4C5E-80B0-281F85E7BD81}.Release|iPhoneSimulator.Build.0 = Release|Any CPU
		{B9A6BF69-FCDC-4C5E-80B0-281F85E7BD81}.Release|x64.ActiveCfg = Release|Any CPU
		{B9A6BF69-FCDC-4C5E-80B0-281F85E7BD81}.Release|x64.Build.0 = Release|Any CPU
		{B9A6BF69-FCDC-4C5E-80B0-281F85E7BD81}.Release|x86.ActiveCfg = Release|Any CPU
		{B9A6BF69-FCDC-4C5E-80B0-281F85E7BD81}.Release|x86.Build.0 = Release|Any CPU
	EndGlobalSection
	GlobalSection(SolutionProperties) = preSolution
		HideSolutionNode = FALSE
	EndGlobalSection
	GlobalSection(NestedProjects) = preSolution
		{4ADD6FC8-F60A-4FBF-8AEB-F6B24AFF91F1} = {E81BDC89-2916-4D83-A300-7BE9DA1714DE}
		{E94B5030-5BC9-4F4F-885A-46D47451CA94} = {5566763E-43EF-47E3-8405-D4FD36293E73}
		{4A4C8E3E-71AF-4B8E-8045-9E350E949BCD} = {5566763E-43EF-47E3-8405-D4FD36293E73}
		{42EDF219-69BC-4A4A-9029-57CB477BC8D7} = {5566763E-43EF-47E3-8405-D4FD36293E73}
		{B9A6BF69-FCDC-4C5E-80B0-281F85E7BD81} = {5566763E-43EF-47E3-8405-D4FD36293E73}
		{5566763E-43EF-47E3-8405-D4FD36293E73} = {B93392FC-2B0B-4E01-A1BE-1BF1AA7DD483}
	EndGlobalSection
	GlobalSection(ExtensibilityGlobals) = postSolution
		SolutionGuid = {765020EB-6D5D-4396-A0ED-BC5CEE7D7EB3}
	EndGlobalSection
EndGlobal
